Microsoft Visual Studio Solution File, Format Version 12.00
# Visual Studio Version 17
VisualStudioVersion = 17.5.2.0
MinimumVisualStudioVersion = 10.0.40219.1
Project("{FAE04EC0-301F-11D3-BF4B-00C04F79EFBC}") = "RogueliteGame", "RogueliteGame\RogueliteGame.csproj", "{20DA46C2-7151-FC96-9EA7-5BA546A30ADD}"
EndProject
Global
	GlobalSection(SolutionConfigurationPlatforms) = preSolution
		Debug|Any CPU = Debug|Any CPU
		Release|Any CPU = Release|Any CPU
	EndGlobalSection
	GlobalSection(ProjectConfigurationPlatforms) = postSolution
		{20DA46C2-7151-FC96-9EA7-5BA546A30ADD}.Debug|Any CPU.ActiveCfg = Debug|Any CPU
		{20DA46C2-7151-FC96-9EA7-5BA546A30ADD}.Debug|Any CPU.Build.0 = Debug|Any CPU
		{20DA46C2-7151-FC96-9EA7-5BA546A30ADD}.Release|Any CPU.ActiveCfg = Release|Any CPU
		{20DA46C2-7151-FC96-9EA7-5BA546A30ADD}.Release|Any CPU.Build.0 = Release|Any CPU
	EndGlobalSection
	GlobalSection(SolutionProperties) = preSolution
		HideSolutionNode = FALSE
	EndGlobalSection
	GlobalSection(ExtensibilityGlobals) = postSolution
		SolutionGuid = {6F80B417-6A54-421A-B91E-F2B96F976BD7}
	EndGlobalSection
EndGlobal
